{
  "name": "create-block-theme",
  "version": "1.0.0",
  "lockfileVersion": 2,
  "requires": true,
  "packages": {
    "": {
      "name": "create-block-theme",
      "version": "1.0.0",
      "license": "ISC",
      "bin": {
        "create-block-theme": "bin/create-block-theme.js"
      }
    }
  }
}
